
Microsoft Visual Studio Solution File, Format Version 12.00
# Visual Studio Version 17
VisualStudioVersion = 17.0.32014.148
MinimumVisualStudioVersion = 10.0.40219.1
Project("{9A19103F-16F7-4668-BE54-9A1E7A4F7556}") = "SeriesAPI", "DocumentacaoSwagger\SeriesAPI.csproj", "{0EB02FD4-3BC8-415F-8CCA-B755F277CD36}"
EndProject
Global
	GlobalSection(SolutionConfigurationPlatforms) = preSolution
		Debug|Any CPU = Debug|Any CPU
		Release|Any CPU = Release|Any CPU
	EndGlobalSection
	GlobalSection(ProjectConfigurationPlatforms) = postSolution
		{0EB02FD4-3BC8-415F-8CCA-B755F277CD36}.Debug|Any CPU.ActiveCfg = Debug|Any CPU
		{0EB02FD4-3BC8-415F-8CCA-B755F277CD36}.Debug|Any CPU.Build.0 = Debug|Any CPU
		{0EB02FD4-3BC8-415F-8CCA-B755F277CD36}.Release|Any CPU.ActiveCfg = Release|Any CPU
		{0EB02FD4-3BC8-415F-8CCA-B755F277CD36}.Release|Any CPU.Build.0 = Release|Any CPU
	EndGlobalSection
	GlobalSection(SolutionProperties) = preSolution
		HideSolutionNode = FALSE
	EndGlobalSection
	GlobalSection(ExtensibilityGlobals) = postSolution
		SolutionGuid = {5C8C20D8-10E3-45F5-BAC3-5CEBD9FCC110}
	EndGlobalSection
EndGlobal
